
Microsoft Visual Studio Solution File, Format Version 12.00
# Visual Studio Version 17
VisualStudioVersion = 17.7.34202.233
MinimumVisualStudioVersion = 10.0.40219.1
Project("{FAE04EC0-301F-11D3-BF4B-00C04F79EFBC}") = "Examen", "Examen.csproj", "{C66747E1-C657-4C50-97E5-269FEDF60E6F}"
EndProject
Global
	GlobalSection(SolutionConfigurationPlatforms) = preSolution
		Debug|Any CPU = Debug|Any CPU
		Release|Any CPU = Release|Any CPU
	EndGlobalSection
	GlobalSection(ProjectConfigurationPlatforms) = postSolution
		{C66747E1-C657-4C50-97E5-269FEDF60E6F}.Debug|Any CPU.ActiveCfg = Debug|Any CPU
		{C66747E1-C657-4C50-97E5-269FEDF60E6F}.Debug|Any CPU.Build.0 = Debug|Any CPU
		{C66747E1-C657-4C50-97E5-269FEDF60E6F}.Release|Any CPU.ActiveCfg = Release|Any CPU
		{C66747E1-C657-4C50-97E5-269FEDF60E6F}.Release|Any CPU.Build.0 = Release|Any CPU
	EndGlobalSection
	GlobalSection(SolutionProperties) = preSolution
		HideSolutionNode = FALSE
	EndGlobalSection
	GlobalSection(ExtensibilityGlobals) = postSolution
		SolutionGuid = {2DFCEDC6-81F3-433A-B9E2-9B3056BE91B9}
	EndGlobalSection
EndGlobal
